
Microsoft Visual Studio Solution File, Format Version 12.00
# Visual Studio Version 17
VisualStudioVersion = 17.0.31912.275
MinimumVisualStudioVersion = 10.0.40219.1
Project("{FAE04EC0-301F-11D3-BF4B-00C04F79EFBC}") = "DemoConsoleApp", "DemoConsoleApp.csproj", "{6E368452-CE28-40B3-B870-5BE08D27C150}"
EndProject
Global
	GlobalSection(SolutionConfigurationPlatforms) = preSolution
		Debug|Any CPU = Debug|Any CPU
		Release|Any CPU = Release|Any CPU
	EndGlobalSection
	GlobalSection(ProjectConfigurationPlatforms) = postSolution
		{6E368452-CE28-40B3-B870-5BE08D27C150}.Debug|Any CPU.ActiveCfg = Debug|Any CPU
		{6E368452-CE28-40B3-B870-5BE08D27C150}.Debug|Any CPU.Build.0 = Debug|Any CPU
		{6E368452-CE28-40B3-B870-5BE08D27C150}.Release|Any CPU.ActiveCfg = Release|Any CPU
		{6E368452-CE28-40B3-B870-5BE08D27C150}.Release|Any CPU.Build.0 = Release|Any CPU
	EndGlobalSection
	GlobalSection(SolutionProperties) = preSolution
		HideSolutionNode = FALSE
	EndGlobalSection
	GlobalSection(ExtensibilityGlobals) = postSolution
		SolutionGuid = {390C4BF7-F3F4-4DA6-A692-7E98BC72A302}
	EndGlobalSection
EndGlobal
